// !$*UTF8*$!
{
	archiveVersion = 1;
	classes = {
	};
	objectVersion = 46;
	objects = {

/* Begin PBXBuildFile section */
		341849761C579C82006A7668 /* main.m in Sources */ = {isa = PBXBuildFile; fileRef = 341849751C579C82006A7668 /* main.m */; };
		341849791C579C82006A7668 /* AppDelegate.m in Sources */ = {isa = PBXBuildFile; fileRef = 341849781C579C82006A7668 /* AppDelegate.m */; };
		3418497C1C579C82006A7668 /* ViewController.m in Sources */ = {isa = PBXBuildFile; fileRef = 3418497B1C579C82006A7668 /* ViewController.m */; };
		3418497F1C579C82006A7668 /* Main.storyboard in Resources */ = {isa = PBXBuildFile; fileRef = 3418497D1C579C82006A7668 /* Main.storyboard */; };
		341849811C579C82006A7668 /* Assets.xcassets in Resources */ = {isa = PBXBuildFile; fileRef = 341849801C579C82006A7668 /* Assets.xcassets */; };
		341849841C579C82006A7668 /* LaunchScreen.storyboard in Resources */ = {isa = PBXBuildFile; fileRef = 341849821C579C82006A7668 /* LaunchScreen.storyboard */; };
/* End PBXBuildFile section */

/* Begin PBXFileReference section */
		341849711C579C82006A7668 /* github.app */ = {isa = PBXFileReference; explicitFileType = wrapper.application; includeInIndex = 0; path = github.app; sourceTree = BUILT_PRODUCTS_DIR; };
		341849751C579C82006A7668 /* main.m */ = {isa = PBXFileReference; lastKnownFileType = sourcecode.c.objc; path = main.m; sourceTree = "<group>"; };
		341849771C579C82006A7668 /* AppDelegate.h */ = {isa = PBXFileReference; lastKnownFileType = sourcecode.c.h; path = AppDelegate.h; sourceTree = "<group>"; };
		341849781C579C82006A7668 /* AppDelegate.m */ = {isa = PBXFileReference; lastKnownFileType = sourcecode.c.objc; path = AppDelegate.m; sourceTree = "<group>"; };
		3418497A1C579C82006A7668 /* ViewController.h */ = {isa = PBXFileReference; lastKnownFileType = sourcecode.c.h; path = ViewController.h; sourceTree = "<group>"; };
		3418497B1C579C82006A7668 /* ViewController.m */ = {isa = PBXFileReference; lastKnownFileType = sourcecode.c.objc; path = ViewController.m; sourceTree = "<group>"; };
		3418497E1C579C82006A7668 /* Base */ = {isa = PBXFileReference; lastKnownFileType = file.storyboard; name = Base; path = Base.lproj/Main.storyboard; sourceTree = "<group>"; };
		341849801C579C82006A7668 /* Assets.xcassets */ = {isa = PBXFileReference; lastKnownFileType = folder.assetcatalog; path = Assets.xcassets; sourceTree = "<group>"; };
		341849831C579C82006A7668 /* Base */ = {isa = PBXFileReference; lastKnownFileType = file.storyboard; name = Base; path = Base.lproj/LaunchScreen.storyboard; sourceTree = "<group>"; };
		341849851C579C82006A7668 /* Info.plist */ = {isa = PBXFileReference; lastKnownFileType = text.plist.xml; path = Info.plist; sourceTree = "<group>"; };
/* End PBXFileReference section */

/* Begin PBXFrameworksBuildPhase section */
		3418496E1C579C82006A7668 /* Frameworks */ = {
			isa = PBXFrameworksBuildPhase;
			buildActionMask = 2147483647;
			files = (
			);
			runOnlyForDeploymentPostprocessing = 0;
		};
/* End PBXFrameworksBuildPhase section */

/* Begin PBXGroup section */
		341849681C579C82006A7668 = {
			isa = PBXGroup;
			children = (
				341849731C579C82006A7668 /* github */,
				341849721C579C82006A7668 /* Products */,
			);
			sourceTree = "<group>";
		};
		341849721C579C82006A7668 /* Products */ = {
			isa = PBXGroup;
			children = (
				341849711C579C82006A7668 /* github.app */,
			);
			name = Products;
			sourceTree = "<group>";
		};
		341849731C579C82006A7668 /* github */ = {
			isa = PBXGroup;
			children = (
				341849771C579C82006A7668 /* AppDelegate.h */,
				341849781C579C82006A7668 /* AppDelegate.m */,
				3418497A1C579C82006A7668 /* ViewController.h */,
				3418497B1C579C82006A7668 /* ViewController.m */,
				3418497D1C579C82006A7668 /* Main.storyboard */,
				341849801C579C82006A7668 /* Assets.xcassets */,
				341849821C579C82006A7668 /* LaunchScreen.storyboard */,
				341849851C579C82006A7668 /* Info.plist */,
				341849741C579C82006A7668 /* Supporting Files */,
			);
			path = github;
			sourceTree = "<group>";
		};
		341849741C579C82006A7668 /* Supporting Files */ = {
			isa = PBXGroup;
			children = (
				341849751C579C82006A7668 /* main.m */,
			);
			name = "Supporting Files";
			sourceTree = "<group>";
		};
/* End PBXGroup section */

/* Begin PBXNativeTarget section */
		341849701C579C82006A7668 /* github */ = {
			isa = PBXNativeTarget;
			buildConfigurationList = 341849881C579C82006A7668 /* Build configuration list for PBXNativeTarget "github" */;
			buildPhases = (
				3418496D1C579C82006A7668 /* Sources */,
				3418496E1C579C82006A7668 /* Frameworks */,
				3418496F1C579C82006A7668 /* Resources */,
			);
			buildRules = (
			);
			dependencies = (
			);
			name = github;
			productName = github;
			productReference = 341849711C579C82006A7668 /* github.app */;
			productType = "com.apple.product-type.application";
		};
/* End PBXNativeTarget section */

/* Begin PBXProject section */
		341849691C579C82006A7668 /* Project object */ = {
			isa = PBXProject;
			attributes = {
				LastUpgradeCheck = 0700;
				ORGANIZATIONNAME = "孟刘扬";
				TargetAttributes = {
					341849701C579C82006A7668 = {
						CreatedOnToolsVersion = 7.0;
					};
				};
			};
			buildConfigurationList = 3418496C1C579C82006A7668 /* Build configuration list for PBXProject "github" */;
			compatibilityVersion = "Xcode 3.2";
			developmentRegion = English;
			hasScannedForEncodings = 0;
			knownRegions = (
				en,
				Base,
			);
			mainGroup = 341849681C579C82006A7668;
			productRefGroup = 341849721C579C82006A7668 /* Products */;
			projectDirPath = "";
			projectRoot = "";
			targets = (
				341849701C579C82006A7668 /* github */,
			);
		};
/* End PBXProject section */

/* Begin PBXResourcesBuildPhase section */
		3418496F1C579C82006A7668 /* Resources */ = {
			isa = PBXResourcesBuildPhase;
			buildActionMask = 2147483647;
			files = (
				341849841C579C82006A7668 /* LaunchScreen.storyboard in Resources */,
				341849811C579C82006A7668 /* Assets.xcassets in Resources */,
				3418497F1C579C82006A7668 /* Main.storyboard in Resources */,
			);
			runOnlyForDeploymentPostprocessing = 0;
		};
/* End PBXResourcesBuildPhase section */

/* Begin PBXSourcesBuildPhase section */
		3418496D1C579C82006A7668 /* Sources */ = {
			isa = PBXSourcesBuildPhase;
			buildActionMask = 2147483647;
			files = (
				3418497C1C579C82006A7668 /* ViewController.m in Sources */,
				341849791C579C82006A7668 /* AppDelegate.m in Sources */,
				341849761C579C82006A7668 /* main.m in Sources */,
			);
			runOnlyForDeploymentPostprocessing = 0;
		};
/* End PBXSourcesBuildPhase section */

/* Begin PBXVariantGroup section */
		3418497D1C579C82006A7668 /* Main.storyboard */ = {
			isa = PBXVariantGroup;
			children = (
				3418497E1C579C82006A7668 /* Base */,
			);
			name = Main.storyboard;
			sourceTree = "<group>";
		};
		341849821C579C82006A7668 /* LaunchScreen.storyboard */ = {
			isa = PBXVariantGroup;
			children = (
				341849831C579C82006A7668 /* Base */,
			);
			name = LaunchScreen.storyboard;
			sourceTree = "<group>";
		};
/* End PBXVariantGroup section */

/* Begin XCBuildConfiguration section */
		341849861C579C82006A7668 /* Debug */ = {
			isa = XCBuildConfiguration;
			buildSettings = {
				ALWAYS_SEARCH_USER_PATHS = NO;
				CLANG_CXX_LANGUAGE_STANDARD = "gnu++0x";
				CLANG_CXX_LIBRARY = "libc++";
				CLANG_ENABLE_MODULES = YES;
				CLANG_ENABLE_OBJC_ARC = YES;
				CLANG_WARN_BOOL_CONVERSION = YES;
				CLANG_WARN_CONSTANT_CONVERSION = YES;
				CLANG_WARN_DIRECT_OBJC_ISA_USAGE = YES_ERROR;
				CLANG_WARN_EMPTY_BODY = YES;
				CLANG_WARN_ENUM_CONVERSION = YES;
				CLANG_WARN_INT_CONVERSION = YES;
				CLANG_WARN_OBJC_ROOT_CLASS = YES_ERROR;
				CLANG_WARN_UNREACHABLE_CODE = YES;
				CLANG_WARN__DUPLICATE_METHOD_MATCH = YES;
				"CODE_SIGN_IDENTITY[sdk=iphoneos*]" = "iPhone Developer";
				COPY_PHASE_STRIP = NO;
				DEBUG_INFORMATION_FORMAT = dwarf;
				ENABLE_STRICT_OBJC_MSGSEND = YES;
				ENABLE_TESTABILITY = YES;
				GCC_C_LANGUAGE_STANDARD = gnu99;
				GCC_DYNAMIC_NO_PIC = NO;
				GCC_NO_COMMON_BLOCKS = YES;
				GCC_OPTIMIZATION_LEVEL = 0;
				GCC_PREPROCESSOR_DEFINITIONS = (
					"DEBUG=1",
					"$(inherited)",
				);
				GCC_WARN_64_TO_32_BIT_CONVERSION = YES;
				GCC_WARN_ABOUT_RETURN_TYPE = YES_ERROR;
				GCC_WARN_UNDECLARED_SELECTOR = YES;
				GCC_WARN_UNINITIALIZED_AUTOS = YES_AGGRESSIVE;
				GCC_WARN_UNUSED_FUNCTION = YES;
				GCC_WARN_UNUSED_VARIABLE = YES;
				IPHONEOS_DEPLOYMENT_TARGET = 9.0;
				MTL_ENABLE_DEBUG_INFO = YES;
				ONLY_ACTIVE_ARCH = YES;
				SDKROOT = iphoneos;
				TARGETED_DEVICE_FAMILY = "1,2";
			};
			name = Debug;
		};
		341849871C579C82006A7668 /* Release */ = {
			isa = XCBuildConfiguration;
			buildSettings = {
				ALWAYS_SEARCH_USER_PATHS = NO;
				CLANG_CXX_LANGUAGE_STANDARD = "gnu++0x";
				CLANG_CXX_LIBRARY = "libc++";
				CLANG_ENABLE_MODULES = YES;
				CLANG_ENABLE_OBJC_ARC = YES;
				CLANG_WARN_BOOL_CONVERSION = YES;
				CLANG_WARN_CONSTANT_CONVERSION = YES;
				CLANG_WARN_DIRECT_OBJC_ISA_USAGE = YES_ERROR;
				CLANG_WARN_EMPTY_BODY = YES;
				CLANG_WARN_ENUM_CONVERSION = YES;
				CLANG_WARN_INT_CONVERSION = YES;
				CLANG_WARN_OBJC_ROOT_CLASS = YES_ERROR;
				CLANG_WARN_UNREACHABLE_CODE = YES;
				CLANG_WARN__DUPLICATE_METHOD_MATCH = YES;
				"CODE_SIGN_IDENTITY[sdk=iphoneos*]" = "iPhone Developer";
				COPY_PHASE_STRIP = NO;
				DEBUG_INFORMATION_FORMAT = "dwarf-with-dsym";
				ENABLE_NS_ASSERTIONS = NO;
				ENABLE_STRICT_OBJC_MSGSEND = YES;
				GCC_C_LANGUAGE_STANDARD = gnu99;
				GCC_NO_COMMON_BLOCKS = YES;
				GCC_WARN_64_TO_32_BIT_CONVERSION = YES;
				GCC_WARN_ABOUT_RETURN_TYPE = YES_ERROR;
				GCC_WARN_UNDECLARED_SELECTOR = YES;
				GCC_WARN_UNINITIALIZED_AUTOS = YES_AGGRESSIVE;
				GCC_WARN_UNUSED_FUNCTION = YES;
				GCC_WARN_UNUSED_VARIABLE = YES;
				IPHONEOS_DEPLOYMENT_TARGET = 9.0;
				MTL_ENABLE_DEBUG_INFO = NO;
				SDKROOT = iphoneos;
				TARGETED_DEVICE_FAMILY = "1,2";
				VALIDATE_PRODUCT = YES;
			};
			name = Release;
		};
		341849891C579C82006A7668 /* Debug */ = {
			isa = XCBuildConfiguration;
			buildSettings = {
				ASSETCATALOG_COMPILER_APPICON_NAME = AppIcon;
				INFOPLIST_FILE = github/Info.plist;
				LD_RUNPATH_SEARCH_PATHS = "$(inherited) @executable_path/Frameworks";
				PRODUCT_BUNDLE_IDENTIFIER = com.lanou3g.github;
				PRODUCT_NAME = "$(TARGET_NAME)";
			};
			name = Debug;
		};
		3418498A1C579C82006A7668 /* Release */ = {
			isa = XCBuildConfiguration;
			buildSettings = {
				ASSETCATALOG_COMPILER_APPICON_NAME = AppIcon;
				INFOPLIST_FILE = github/Info.plist;
				LD_RUNPATH_SEARCH_PATHS = "$(inherited) @executable_path/Frameworks";
				PRODUCT_BUNDLE_IDENTIFIER = com.lanou3g.github;
				PRODUCT_NAME = "$(TARGET_NAME)";
			};
			name = Release;
		};
/* End XCBuildConfiguration section */

/* Begin XCConfigurationList section */
		3418496C1C579C82006A7668 /* Build configuration list for PBXProject "github" */ = {
			isa = XCConfigurationList;
			buildConfigurations = (
				341849861C579C82006A7668 /* Debug */,
				341849871C579C82006A7668 /* Release */,
			);
			defaultConfigurationIsVisible = 0;
			defaultConfigurationName = Release;
		};
		341849881C579C82006A7668 /* Build configuration list for PBXNativeTarget "github" */ = {
			isa = XCConfigurationList;
			buildConfigurations = (
				341849891C579C82006A7668 /* Debug */,
				3418498A1C579C82006A7668 /* Release */,
			);
			defaultConfigurationIsVisible = 0;
		};
/* End XCConfigurationList section */
	};
	rootObject = 341849691C579C82006A7668 /* Project object */;
}
